
Microsoft Visual Studio Solution File, Format Version 12.00
# Visual Studio Version 17
VisualStudioVersion = 17.1.32407.343
MinimumVisualStudioVersion = 10.0.40219.1
Project("{FAE04EC0-301F-11D3-BF4B-00C04F79EFBC}") = "project_22.Server", "project_22\Server\project_22.Server.csproj", "{19541785-C540-40FB-9D89-183AF25B452A}"
EndProject
Project("{FAE04EC0-301F-11D3-BF4B-00C04F79EFBC}") = "project_22.Client", "project_22\Client\project_22.Client.csproj", "{3A3B650C-F44D-4C62-BA35-FA6F6BC9A968}"
EndProject
Project("{FAE04EC0-301F-11D3-BF4B-00C04F79EFBC}") = "project_22.Shared", "project_22\Shared\project_22.Shared.csproj", "{276B0EF0-3B92-4CF4-8612-48643174953C}"
EndProject
Global
	GlobalSection(SolutionConfigurationPlatforms) = preSolution
		Debug|Any CPU = Debug|Any CPU
		Release|Any CPU = Release|Any CPU
	EndGlobalSection
	GlobalSection(ProjectConfigurationPlatforms) = postSolution
		{19541785-C540-40FB-9D89-183AF25B452A}.Debug|Any CPU.ActiveCfg = Debug|Any CPU
		{19541785-C540-40FB-9D89-183AF25B452A}.Debug|Any CPU.Build.0 = Debug|Any CPU
		{19541785-C540-40FB-9D89-183AF25B452A}.Release|Any CPU.ActiveCfg = Release|Any CPU
		{19541785-C540-40FB-9D89-183AF25B452A}.Release|Any CPU.Build.0 = Release|Any CPU
		{3A3B650C-F44D-4C62-BA35-FA6F6BC9A968}.Debug|Any CPU.ActiveCfg = Debug|Any CPU
		{3A3B650C-F44D-4C62-BA35-FA6F6BC9A968}.Debug|Any CPU.Build.0 = Debug|Any CPU
		{3A3B650C-F44D-4C62-BA35-FA6F6BC9A968}.Release|Any CPU.ActiveCfg = Release|Any CPU
		{3A3B650C-F44D-4C62-BA35-FA6F6BC9A968}.Release|Any CPU.Build.0 = Release|Any CPU
		{276B0EF0-3B92-4CF4-8612-48643174953C}.Debug|Any CPU.ActiveCfg = Debug|Any CPU
		{276B0EF0-3B92-4CF4-8612-48643174953C}.Debug|Any CPU.Build.0 = Debug|Any CPU
		{276B0EF0-3B92-4CF4-8612-48643174953C}.Release|Any CPU.ActiveCfg = Release|Any CPU
		{276B0EF0-3B92-4CF4-8612-48643174953C}.Release|Any CPU.Build.0 = Release|Any CPU
	EndGlobalSection
	GlobalSection(SolutionProperties) = preSolution
		HideSolutionNode = FALSE
	EndGlobalSection
	GlobalSection(ExtensibilityGlobals) = postSolution
		SolutionGuid = {F856FFB9-B1B5-40F0-B380-879A86CE2446}
	EndGlobalSection
EndGlobal
